
Microsoft Visual Studio Solution File, Format Version 12.00
# Visual Studio Version 17
VisualStudioVersion = 17.2.32602.215
MinimumVisualStudioVersion = 10.0.40219.1
Project("{54A90642-561A-4BB1-A94E-469ADEE60C69}") = "WorldCities", "WorldCities\WorldCities.esproj", "{A15A1612-8DA7-4B62-B85B-B7AC173A1236}"
EndProject
Project("{FAE04EC0-301F-11D3-BF4B-00C04F79EFBC}") = "WorldCities.API", "WorldCities.API\WorldCities.API.csproj", "{A55D3019-F6EC-47B0-8855-8646D9EB3AFB}"
EndProject
Global
	GlobalSection(SolutionConfigurationPlatforms) = preSolution
		Debug|Any CPU = Debug|Any CPU
		Release|Any CPU = Release|Any CPU
	EndGlobalSection
	GlobalSection(ProjectConfigurationPlatforms) = postSolution
		{A15A1612-8DA7-4B62-B85B-B7AC173A1236}.Debug|Any CPU.ActiveCfg = Debug|Any CPU
		{A15A1612-8DA7-4B62-B85B-B7AC173A1236}.Debug|Any CPU.Build.0 = Debug|Any CPU
		{A15A1612-8DA7-4B62-B85B-B7AC173A1236}.Debug|Any CPU.Deploy.0 = Debug|Any CPU
		{A15A1612-8DA7-4B62-B85B-B7AC173A1236}.Release|Any CPU.ActiveCfg = Release|Any CPU
		{A15A1612-8DA7-4B62-B85B-B7AC173A1236}.Release|Any CPU.Build.0 = Release|Any CPU
		{A15A1612-8DA7-4B62-B85B-B7AC173A1236}.Release|Any CPU.Deploy.0 = Release|Any CPU
		{A55D3019-F6EC-47B0-8855-8646D9EB3AFB}.Debug|Any CPU.ActiveCfg = Debug|Any CPU
		{A55D3019-F6EC-47B0-8855-8646D9EB3AFB}.Debug|Any CPU.Build.0 = Debug|Any CPU
		{A55D3019-F6EC-47B0-8855-8646D9EB3AFB}.Release|Any CPU.ActiveCfg = Release|Any CPU
		{A55D3019-F6EC-47B0-8855-8646D9EB3AFB}.Release|Any CPU.Build.0 = Release|Any CPU
	EndGlobalSection
	GlobalSection(SolutionProperties) = preSolution
		HideSolutionNode = FALSE
	EndGlobalSection
	GlobalSection(ExtensibilityGlobals) = postSolution
		SolutionGuid = {98A5C329-5115-4CD3-9ACE-47A75D30A9EE}
	EndGlobalSection
EndGlobal
